
Microsoft Visual Studio Solution File, Format Version 12.00
# Visual Studio Version 17
VisualStudioVersion = 17.4.33122.133
MinimumVisualStudioVersion = 10.0.40219.1
Project("{FAE04EC0-301F-11D3-BF4B-00C04F79EFBC}") = "HangmanGPT", "HangmanGPT.csproj", "{BD176885-BA29-4931-BBB9-CC963610AA93}"
EndProject
Global
	GlobalSection(SolutionConfigurationPlatforms) = preSolution
		Debug|Any CPU = Debug|Any CPU
		Release|Any CPU = Release|Any CPU
	EndGlobalSection
	GlobalSection(ProjectConfigurationPlatforms) = postSolution
		{BD176885-BA29-4931-BBB9-CC963610AA93}.Debug|Any CPU.ActiveCfg = Debug|Any CPU
		{BD176885-BA29-4931-BBB9-CC963610AA93}.Debug|Any CPU.Build.0 = Debug|Any CPU
		{BD176885-BA29-4931-BBB9-CC963610AA93}.Release|Any CPU.ActiveCfg = Release|Any CPU
		{BD176885-BA29-4931-BBB9-CC963610AA93}.Release|Any CPU.Build.0 = Release|Any CPU
	EndGlobalSection
	GlobalSection(SolutionProperties) = preSolution
		HideSolutionNode = FALSE
	EndGlobalSection
	GlobalSection(ExtensibilityGlobals) = postSolution
		SolutionGuid = {9C75D562-7599-49F0-A528-A0FF0BDB784A}
	EndGlobalSection
EndGlobal
