
Microsoft Visual Studio Solution File, Format Version 12.00
# Visual Studio Version 17
VisualStudioVersion = 17.4.33122.133
MinimumVisualStudioVersion = 10.0.40219.1
Project("{FAE04EC0-301F-11D3-BF4B-00C04F79EFBC}") = "Hangman2", "Hangman2.csproj", "{FD1E9696-0E74-4658-9737-A2E4D4F814C0}"
EndProject
Global
	GlobalSection(SolutionConfigurationPlatforms) = preSolution
		Debug|Any CPU = Debug|Any CPU
		Release|Any CPU = Release|Any CPU
	EndGlobalSection
	GlobalSection(ProjectConfigurationPlatforms) = postSolution
		{FD1E9696-0E74-4658-9737-A2E4D4F814C0}.Debug|Any CPU.ActiveCfg = Debug|Any CPU
		{FD1E9696-0E74-4658-9737-A2E4D4F814C0}.Debug|Any CPU.Build.0 = Debug|Any CPU
		{FD1E9696-0E74-4658-9737-A2E4D4F814C0}.Release|Any CPU.ActiveCfg = Release|Any CPU
		{FD1E9696-0E74-4658-9737-A2E4D4F814C0}.Release|Any CPU.Build.0 = Release|Any CPU
	EndGlobalSection
	GlobalSection(SolutionProperties) = preSolution
		HideSolutionNode = FALSE
	EndGlobalSection
	GlobalSection(ExtensibilityGlobals) = postSolution
		SolutionGuid = {967779B0-A9F8-4AF8-8AAF-26DC67A56497}
	EndGlobalSection
EndGlobal
